
Microsoft Visual Studio Solution File, Format Version 12.00
# Visual Studio Version 17
VisualStudioVersion = 17.1.32421.90
MinimumVisualStudioVersion = 10.0.40219.1
Project("{9A19103F-16F7-4668-BE54-9A1E7A4F7556}") = "JeremyAnsel.DirectX.Dds", "JeremyAnsel.DirectX.Dds\JeremyAnsel.DirectX.Dds.csproj", "{515273DC-E7E3-4C85-8CB5-C7C512947C36}"
EndProject
Project("{9A19103F-16F7-4668-BE54-9A1E7A4F7556}") = "Documentation", "Documentation\Documentation.csproj", "{953E6DA5-5638-4AEF-9607-28321012F619}"
EndProject
Global
	GlobalSection(SolutionConfigurationPlatforms) = preSolution
		Debug|Any CPU = Debug|Any CPU
		Release|Any CPU = Release|Any CPU
	EndGlobalSection
	GlobalSection(ProjectConfigurationPlatforms) = postSolution
		{515273DC-E7E3-4C85-8CB5-C7C512947C36}.Debug|Any CPU.ActiveCfg = Debug|Any CPU
		{515273DC-E7E3-4C85-8CB5-C7C512947C36}.Debug|Any CPU.Build.0 = Debug|Any CPU
		{515273DC-E7E3-4C85-8CB5-C7C512947C36}.Release|Any CPU.ActiveCfg = Release|Any CPU
		{515273DC-E7E3-4C85-8CB5-C7C512947C36}.Release|Any CPU.Build.0 = Release|Any CPU
		{953E6DA5-5638-4AEF-9607-28321012F619}.Debug|Any CPU.ActiveCfg = Debug|Any CPU
		{953E6DA5-5638-4AEF-9607-28321012F619}.Release|Any CPU.ActiveCfg = Release|Any CPU
		{953E6DA5-5638-4AEF-9607-28321012F619}.Release|Any CPU.Build.0 = Release|Any CPU
	EndGlobalSection
	GlobalSection(SolutionProperties) = preSolution
		HideSolutionNode = FALSE
	EndGlobalSection
	GlobalSection(ExtensibilityGlobals) = postSolution
		SolutionGuid = {FC79AC4F-898D-4500-B9A8-6D30AAF78B61}
	EndGlobalSection
EndGlobal
