
Microsoft Visual Studio Solution File, Format Version 12.00
# Visual Studio Version 16
VisualStudioVersion = 16.0.30011.22
MinimumVisualStudioVersion = 10.0.40219.1
Project("{FAE04EC0-301F-11D3-BF4B-00C04F79EFBC}") = "JeremyAnsel.DirectX.Dds", "JeremyAnsel.DirectX.Dds\JeremyAnsel.DirectX.Dds.csproj", "{406C51E1-347B-4128-8E22-BAD14A8A1C7C}"
EndProject
Project("{FAE04EC0-301F-11D3-BF4B-00C04F79EFBC}") = "Documentation", "Documentation\Documentation.csproj", "{E3603456-93AA-48D1-B2E2-3F327FB3528B}"
	ProjectSection(ProjectDependencies) = postProject
		{406C51E1-347B-4128-8E22-BAD14A8A1C7C} = {406C51E1-347B-4128-8E22-BAD14A8A1C7C}
	EndProjectSection
EndProject
Global
	GlobalSection(SolutionConfigurationPlatforms) = preSolution
		Debug|Any CPU = Debug|Any CPU
		Release|Any CPU = Release|Any CPU
	EndGlobalSection
	GlobalSection(ProjectConfigurationPlatforms) = postSolution
		{406C51E1-347B-4128-8E22-BAD14A8A1C7C}.Debug|Any CPU.ActiveCfg = Debug|Any CPU
		{406C51E1-347B-4128-8E22-BAD14A8A1C7C}.Debug|Any CPU.Build.0 = Debug|Any CPU
		{406C51E1-347B-4128-8E22-BAD14A8A1C7C}.Release|Any CPU.ActiveCfg = Release|Any CPU
		{406C51E1-347B-4128-8E22-BAD14A8A1C7C}.Release|Any CPU.Build.0 = Release|Any CPU
		{E3603456-93AA-48D1-B2E2-3F327FB3528B}.Debug|Any CPU.ActiveCfg = Debug|Any CPU
		{E3603456-93AA-48D1-B2E2-3F327FB3528B}.Debug|Any CPU.Build.0 = Debug|Any CPU
		{E3603456-93AA-48D1-B2E2-3F327FB3528B}.Release|Any CPU.ActiveCfg = Release|Any CPU
		{E3603456-93AA-48D1-B2E2-3F327FB3528B}.Release|Any CPU.Build.0 = Release|Any CPU
	EndGlobalSection
	GlobalSection(SolutionProperties) = preSolution
		HideSolutionNode = FALSE
	EndGlobalSection
	GlobalSection(ExtensibilityGlobals) = postSolution
		SolutionGuid = {901A8CF3-A253-4040-9706-E6BC923A1DDA}
	EndGlobalSection
EndGlobal
